
Microsoft Visual Studio Solution File, Format Version 10.00
# Visual Studio 2008
Project("{8BC9CEB8-8B4A-11D0-8D11-00A0C91BC942}") = "Dynamic Dll Loader", "Dynamic Dll Loader\Dynamic Dll Loader.vcproj", "{A76A9CB4-3782-47FB-95ED-FD596C3A4C7B}"
EndProject
Project("{8BC9CEB8-8B4A-11D0-8D11-00A0C91BC942}") = "ArgonString", "..\..\String\ArgonString\ArgonString.vcproj", "{EE0E662B-B27F-4225-B22C-0CE444126146}"
EndProject
Global
	GlobalSection(SolutionConfigurationPlatforms) = preSolution
		Debug|Win32 = Debug|Win32
		Release|Win32 = Release|Win32
	EndGlobalSection
	GlobalSection(ProjectConfigurationPlatforms) = postSolution
		{A76A9CB4-3782-47FB-95ED-FD596C3A4C7B}.Debug|Win32.ActiveCfg = Debug|Win32
		{A76A9CB4-3782-47FB-95ED-FD596C3A4C7B}.Debug|Win32.Build.0 = Debug|Win32
		{A76A9CB4-3782-47FB-95ED-FD596C3A4C7B}.Release|Win32.ActiveCfg = Release|Win32
		{A76A9CB4-3782-47FB-95ED-FD596C3A4C7B}.Release|Win32.Build.0 = Release|Win32
		{EE0E662B-B27F-4225-B22C-0CE444126146}.Debug|Win32.ActiveCfg = Debug|Win32
		{EE0E662B-B27F-4225-B22C-0CE444126146}.Debug|Win32.Build.0 = Debug|Win32
		{EE0E662B-B27F-4225-B22C-0CE444126146}.Release|Win32.ActiveCfg = Release|Win32
		{EE0E662B-B27F-4225-B22C-0CE444126146}.Release|Win32.Build.0 = Release|Win32
	EndGlobalSection
	GlobalSection(SolutionProperties) = preSolution
		HideSolutionNode = FALSE
	EndGlobalSection
EndGlobal
