
Microsoft Visual Studio Solution File, Format Version 10.00
# Visual Studio 2008
Project("{2150E333-8FDC-42A3-9474-1A3956D46DE8}") = "Renderers", "Renderers", "{F62301F8-87AE-4584-87B6-5165060E9782}"
EndProject
Project("{8BC9CEB8-8B4A-11D0-8D11-00A0C91BC942}") = "ArgonRenderD3D11", "Source\ArgonRenderD3D11\ArgonRenderD3D11\ArgonRenderD3D11.vcproj", "{1EBEBEE0-7C9E-4AEE-8BEC-9784763E4147}"
	ProjectSection(ProjectDependencies) = postProject
		{127CBC0D-A66D-4854-A319-612023715C18} = {127CBC0D-A66D-4854-A319-612023715C18}
	EndProjectSection
EndProject
Project("{8BC9CEB8-8B4A-11D0-8D11-00A0C91BC942}") = "ArgonStandard", "Source\ArgonStandard\ArgonStandard\ArgonStandard.vcproj", "{127CBC0D-A66D-4854-A319-612023715C18}"
EndProject
Project("{2150E333-8FDC-42A3-9474-1A3956D46DE8}") = "ArgonEngine", "ArgonEngine", "{2547C328-1EB7-4A4D-A136-6D31486667B7}"
EndProject
Project("{FAE04EC0-301F-11D3-BF4B-00C04F79EFBC}") = "ArgonInterface", "..\ArgonInterface\ArgonInterface\ArgonInterface.csproj", "{A60623F1-5018-433E-AD99-02ADDE4023ED}"
	ProjectSection(ProjectDependencies) = postProject
		{127CBC0D-A66D-4854-A319-612023715C18} = {127CBC0D-A66D-4854-A319-612023715C18}
		{1EBEBEE0-7C9E-4AEE-8BEC-9784763E4147} = {1EBEBEE0-7C9E-4AEE-8BEC-9784763E4147}
	EndProjectSection
EndProject
Project("{2150E333-8FDC-42A3-9474-1A3956D46DE8}") = "Platforms", "Platforms", "{B674AB00-212F-4BA4-80F2-4F7093E84725}"
EndProject
Project("{8BC9CEB8-8B4A-11D0-8D11-00A0C91BC942}") = "ArgonWindows", "Source\ArgonWindows\ArgonWindows.vcproj", "{546A4E0B-7C5E-4FA3-9A10-6DA24CE38EBF}"
	ProjectSection(ProjectDependencies) = postProject
		{127CBC0D-A66D-4854-A319-612023715C18} = {127CBC0D-A66D-4854-A319-612023715C18}
	EndProjectSection
EndProject
Project("{8BC9CEB8-8B4A-11D0-8D11-00A0C91BC942}") = "ArgonRenderEngine", "Source\ArgonRenderEngine\ArgonRenderEngine\ArgonRenderEngine.vcproj", "{DBA37458-BC6D-4273-9D6D-9489F8108726}"
	ProjectSection(ProjectDependencies) = postProject
		{127CBC0D-A66D-4854-A319-612023715C18} = {127CBC0D-A66D-4854-A319-612023715C18}
		{E6626E67-C1DA-4A08-ABDC-BA8EA2E6F2E0} = {E6626E67-C1DA-4A08-ABDC-BA8EA2E6F2E0}
	EndProjectSection
EndProject
Project("{8BC9CEB8-8B4A-11D0-8D11-00A0C91BC942}") = "ArgonEngine", "Source\ArgonEngine\ArgonEngine.vcproj", "{221C49A9-6529-444B-8D20-FD1C70C15CBA}"
	ProjectSection(ProjectDependencies) = postProject
		{127CBC0D-A66D-4854-A319-612023715C18} = {127CBC0D-A66D-4854-A319-612023715C18}
		{DBA37458-BC6D-4273-9D6D-9489F8108726} = {DBA37458-BC6D-4273-9D6D-9489F8108726}
	EndProjectSection
EndProject
Project("{8BC9CEB8-8B4A-11D0-8D11-00A0C91BC942}") = "ArgonRenderD3D10", "Source\ArgonRenderD3D10\ArgonRenderD3D10\ArgonRenderD3D10.vcproj", "{E6626E67-C1DA-4A08-ABDC-BA8EA2E6F2E0}"
EndProject
Project("{8BC9CEB8-8B4A-11D0-8D11-00A0C91BC942}") = "ArgonRenderGL4", "Source\ArgonRenderGL4\ArgonRenderGL4.vcproj", "{AEEA4BA0-EEB1-4DED-805D-91497CEEB1C2}"
EndProject
Global
	GlobalSection(SolutionConfigurationPlatforms) = preSolution
		Argon Engine|Any CPU = Argon Engine|Any CPU
		Argon Engine|Mixed Platforms = Argon Engine|Mixed Platforms
		Argon Engine|Pocket PC 2003 (ARMV4) = Argon Engine|Pocket PC 2003 (ARMV4)
		Argon Engine|Win32 = Argon Engine|Win32
		Argon Engine|x64 = Argon Engine|x64
		Argon Engine|x86 = Argon Engine|x86
		Debug Dynamic Lib|Any CPU = Debug Dynamic Lib|Any CPU
		Debug Dynamic Lib|Mixed Platforms = Debug Dynamic Lib|Mixed Platforms
		Debug Dynamic Lib|Pocket PC 2003 (ARMV4) = Debug Dynamic Lib|Pocket PC 2003 (ARMV4)
		Debug Dynamic Lib|Win32 = Debug Dynamic Lib|Win32
		Debug Dynamic Lib|x64 = Debug Dynamic Lib|x64
		Debug Dynamic Lib|x86 = Debug Dynamic Lib|x86
		Debug Static Lib|Any CPU = Debug Static Lib|Any CPU
		Debug Static Lib|Mixed Platforms = Debug Static Lib|Mixed Platforms
		Debug Static Lib|Pocket PC 2003 (ARMV4) = Debug Static Lib|Pocket PC 2003 (ARMV4)
		Debug Static Lib|Win32 = Debug Static Lib|Win32
		Debug Static Lib|x64 = Debug Static Lib|x64
		Debug Static Lib|x86 = Debug Static Lib|x86
		Debug|Any CPU = Debug|Any CPU
		Debug|Mixed Platforms = Debug|Mixed Platforms
		Debug|Pocket PC 2003 (ARMV4) = Debug|Pocket PC 2003 (ARMV4)
		Debug|Win32 = Debug|Win32
		Debug|x64 = Debug|x64
		Debug|x86 = Debug|x86
		Release|Any CPU = Release|Any CPU
		Release|Mixed Platforms = Release|Mixed Platforms
		Release|Pocket PC 2003 (ARMV4) = Release|Pocket PC 2003 (ARMV4)
		Release|Win32 = Release|Win32
		Release|x64 = Release|x64
		Release|x86 = Release|x86
	EndGlobalSection
	GlobalSection(ProjectConfigurationPlatforms) = postSolution
		{1EBEBEE0-7C9E-4AEE-8BEC-9784763E4147}.Argon Engine|Any CPU.ActiveCfg = Debug Dynamic Lib|Win32
		{1EBEBEE0-7C9E-4AEE-8BEC-9784763E4147}.Argon Engine|Mixed Platforms.ActiveCfg = Debug Dynamic Lib|Win32
		{1EBEBEE0-7C9E-4AEE-8BEC-9784763E4147}.Argon Engine|Mixed Platforms.Build.0 = Debug Dynamic Lib|Win32
		{1EBEBEE0-7C9E-4AEE-8BEC-9784763E4147}.Argon Engine|Pocket PC 2003 (ARMV4).ActiveCfg = Debug Dynamic Lib|Win32
		{1EBEBEE0-7C9E-4AEE-8BEC-9784763E4147}.Argon Engine|Win32.ActiveCfg = Debug Dynamic Lib|Win32
		{1EBEBEE0-7C9E-4AEE-8BEC-9784763E4147}.Argon Engine|x64.ActiveCfg = Debug Dynamic Lib|Win32
		{1EBEBEE0-7C9E-4AEE-8BEC-9784763E4147}.Argon Engine|x86.ActiveCfg = Debug Dynamic Lib|Win32
		{1EBEBEE0-7C9E-4AEE-8BEC-9784763E4147}.Argon Engine|x86.Build.0 = Debug Dynamic Lib|Win32
		{1EBEBEE0-7C9E-4AEE-8BEC-9784763E4147}.Debug Dynamic Lib|Any CPU.ActiveCfg = Debug Dynamic Lib|Win32
		{1EBEBEE0-7C9E-4AEE-8BEC-9784763E4147}.Debug Dynamic Lib|Mixed Platforms.ActiveCfg = Debug Dynamic Lib|Win32
		{1EBEBEE0-7C9E-4AEE-8BEC-9784763E4147}.Debug Dynamic Lib|Mixed Platforms.Build.0 = Debug Dynamic Lib|Win32
		{1EBEBEE0-7C9E-4AEE-8BEC-9784763E4147}.Debug Dynamic Lib|Pocket PC 2003 (ARMV4).ActiveCfg = Debug Dynamic Lib|Win32
		{1EBEBEE0-7C9E-4AEE-8BEC-9784763E4147}.Debug Dynamic Lib|Win32.ActiveCfg = Debug Dynamic Lib|Win32
		{1EBEBEE0-7C9E-4AEE-8BEC-9784763E4147}.Debug Dynamic Lib|x64.ActiveCfg = Debug Dynamic Lib|Win32
		{1EBEBEE0-7C9E-4AEE-8BEC-9784763E4147}.Debug Dynamic Lib|x86.ActiveCfg = Debug Dynamic Lib|Win32
		{1EBEBEE0-7C9E-4AEE-8BEC-9784763E4147}.Debug Dynamic Lib|x86.Build.0 = Debug Dynamic Lib|Win32
		{1EBEBEE0-7C9E-4AEE-8BEC-9784763E4147}.Debug Static Lib|Any CPU.ActiveCfg = Debug Dynamic Lib|Win32
		{1EBEBEE0-7C9E-4AEE-8BEC-9784763E4147}.Debug Static Lib|Mixed Platforms.ActiveCfg = Debug Dynamic Lib|Win32
		{1EBEBEE0-7C9E-4AEE-8BEC-9784763E4147}.Debug Static Lib|Mixed Platforms.Build.0 = Debug Dynamic Lib|Win32
		{1EBEBEE0-7C9E-4AEE-8BEC-9784763E4147}.Debug Static Lib|Pocket PC 2003 (ARMV4).ActiveCfg = Debug Dynamic Lib|Win32
		{1EBEBEE0-7C9E-4AEE-8BEC-9784763E4147}.Debug Static Lib|Win32.ActiveCfg = Debug Dynamic Lib|Win32
		{1EBEBEE0-7C9E-4AEE-8BEC-9784763E4147}.Debug Static Lib|x64.ActiveCfg = Debug Dynamic Lib|Win32
		{1EBEBEE0-7C9E-4AEE-8BEC-9784763E4147}.Debug Static Lib|x86.ActiveCfg = Debug Dynamic Lib|Win32
		{1EBEBEE0-7C9E-4AEE-8BEC-9784763E4147}.Debug Static Lib|x86.Build.0 = Debug Dynamic Lib|Win32
		{1EBEBEE0-7C9E-4AEE-8BEC-9784763E4147}.Debug|Any CPU.ActiveCfg = Debug Dynamic Lib|Win32
		{1EBEBEE0-7C9E-4AEE-8BEC-9784763E4147}.Debug|Mixed Platforms.ActiveCfg = Debug Dynamic Lib|Win32
		{1EBEBEE0-7C9E-4AEE-8BEC-9784763E4147}.Debug|Pocket PC 2003 (ARMV4).ActiveCfg = Debug Dynamic Lib|Win32
		{1EBEBEE0-7C9E-4AEE-8BEC-9784763E4147}.Debug|Win32.ActiveCfg = Debug Dynamic Lib|Win32
		{1EBEBEE0-7C9E-4AEE-8BEC-9784763E4147}.Debug|x64.ActiveCfg = Debug Dynamic Lib|Win32
		{1EBEBEE0-7C9E-4AEE-8BEC-9784763E4147}.Debug|x86.ActiveCfg = Debug Dynamic Lib|Win32
		{1EBEBEE0-7C9E-4AEE-8BEC-9784763E4147}.Release|Any CPU.ActiveCfg = Debug Dynamic Lib|Win32
		{1EBEBEE0-7C9E-4AEE-8BEC-9784763E4147}.Release|Mixed Platforms.ActiveCfg = Debug Dynamic Lib|Win32
		{1EBEBEE0-7C9E-4AEE-8BEC-9784763E4147}.Release|Pocket PC 2003 (ARMV4).ActiveCfg = Debug Dynamic Lib|Win32
		{1EBEBEE0-7C9E-4AEE-8BEC-9784763E4147}.Release|Win32.ActiveCfg = Debug Dynamic Lib|Win32
		{1EBEBEE0-7C9E-4AEE-8BEC-9784763E4147}.Release|x64.ActiveCfg = Debug Dynamic Lib|Win32
		{1EBEBEE0-7C9E-4AEE-8BEC-9784763E4147}.Release|x86.ActiveCfg = Debug Dynamic Lib|Win32
		{127CBC0D-A66D-4854-A319-612023715C18}.Argon Engine|Any CPU.ActiveCfg = Debug Dynamic Lib|Win32
		{127CBC0D-A66D-4854-A319-612023715C18}.Argon Engine|Mixed Platforms.ActiveCfg = Debug Dynamic Lib|Win32
		{127CBC0D-A66D-4854-A319-612023715C18}.Argon Engine|Mixed Platforms.Build.0 = Debug Dynamic Lib|Win32
		{127CBC0D-A66D-4854-A319-612023715C18}.Argon Engine|Pocket PC 2003 (ARMV4).ActiveCfg = Debug Dynamic Lib|Win32
		{127CBC0D-A66D-4854-A319-612023715C18}.Argon Engine|Win32.ActiveCfg = Debug Dynamic Lib|Win32
		{127CBC0D-A66D-4854-A319-612023715C18}.Argon Engine|Win32.Build.0 = Debug Dynamic Lib|Win32
		{127CBC0D-A66D-4854-A319-612023715C18}.Argon Engine|x64.ActiveCfg = Debug Dynamic Lib|Win32
		{127CBC0D-A66D-4854-A319-612023715C18}.Argon Engine|x86.ActiveCfg = Debug Dynamic Lib|Win32
		{127CBC0D-A66D-4854-A319-612023715C18}.Argon Engine|x86.Build.0 = Debug Dynamic Lib|Win32
		{127CBC0D-A66D-4854-A319-612023715C18}.Debug Dynamic Lib|Any CPU.ActiveCfg = Debug Dynamic Lib|Win32
		{127CBC0D-A66D-4854-A319-612023715C18}.Debug Dynamic Lib|Mixed Platforms.ActiveCfg = Debug Dynamic Lib|Win32
		{127CBC0D-A66D-4854-A319-612023715C18}.Debug Dynamic Lib|Mixed Platforms.Build.0 = Debug Dynamic Lib|Win32
		{127CBC0D-A66D-4854-A319-612023715C18}.Debug Dynamic Lib|Pocket PC 2003 (ARMV4).ActiveCfg = Debug Dynamic Lib|Win32
		{127CBC0D-A66D-4854-A319-612023715C18}.Debug Dynamic Lib|Win32.ActiveCfg = Debug Dynamic Lib|Win32
		{127CBC0D-A66D-4854-A319-612023715C18}.Debug Dynamic Lib|Win32.Build.0 = Debug Dynamic Lib|Win32
		{127CBC0D-A66D-4854-A319-612023715C18}.Debug Dynamic Lib|x64.ActiveCfg = Debug Dynamic Lib|Win32
		{127CBC0D-A66D-4854-A319-612023715C18}.Debug Dynamic Lib|x86.ActiveCfg = Debug Dynamic Lib|Win32
		{127CBC0D-A66D-4854-A319-612023715C18}.Debug Dynamic Lib|x86.Build.0 = Debug Dynamic Lib|Win32
		{127CBC0D-A66D-4854-A319-612023715C18}.Debug Static Lib|Any CPU.ActiveCfg = Debug Dynamic Lib|Win32
		{127CBC0D-A66D-4854-A319-612023715C18}.Debug Static Lib|Mixed Platforms.ActiveCfg = Debug Dynamic Lib|Win32
		{127CBC0D-A66D-4854-A319-612023715C18}.Debug Static Lib|Mixed Platforms.Build.0 = Debug Dynamic Lib|Win32
		{127CBC0D-A66D-4854-A319-612023715C18}.Debug Static Lib|Pocket PC 2003 (ARMV4).ActiveCfg = Debug Dynamic Lib|Win32
		{127CBC0D-A66D-4854-A319-612023715C18}.Debug Static Lib|Win32.ActiveCfg = Debug Dynamic Lib|Win32
		{127CBC0D-A66D-4854-A319-612023715C18}.Debug Static Lib|Win32.Build.0 = Debug Dynamic Lib|Win32
		{127CBC0D-A66D-4854-A319-612023715C18}.Debug Static Lib|x64.ActiveCfg = Debug Dynamic Lib|Win32
		{127CBC0D-A66D-4854-A319-612023715C18}.Debug Static Lib|x86.ActiveCfg = Debug Dynamic Lib|Win32
		{127CBC0D-A66D-4854-A319-612023715C18}.Debug Static Lib|x86.Build.0 = Debug Dynamic Lib|Win32
		{127CBC0D-A66D-4854-A319-612023715C18}.Debug|Any CPU.ActiveCfg = Debug Dynamic Lib|Win32
		{127CBC0D-A66D-4854-A319-612023715C18}.Debug|Mixed Platforms.ActiveCfg = Debug Dynamic Lib|Win32
		{127CBC0D-A66D-4854-A319-612023715C18}.Debug|Mixed Platforms.Build.0 = Debug Dynamic Lib|Win32
		{127CBC0D-A66D-4854-A319-612023715C18}.Debug|Pocket PC 2003 (ARMV4).ActiveCfg = Debug Dynamic Lib|Win32
		{127CBC0D-A66D-4854-A319-612023715C18}.Debug|Win32.ActiveCfg = Debug Dynamic Lib|Win32
		{127CBC0D-A66D-4854-A319-612023715C18}.Debug|Win32.Build.0 = Debug Dynamic Lib|Win32
		{127CBC0D-A66D-4854-A319-612023715C18}.Debug|x64.ActiveCfg = Debug Dynamic Lib|Win32
		{127CBC0D-A66D-4854-A319-612023715C18}.Debug|x86.ActiveCfg = Debug Dynamic Lib|Win32
		{127CBC0D-A66D-4854-A319-612023715C18}.Release|Any CPU.ActiveCfg = Release|Win32
		{127CBC0D-A66D-4854-A319-612023715C18}.Release|Mixed Platforms.ActiveCfg = Release|Win32
		{127CBC0D-A66D-4854-A319-612023715C18}.Release|Mixed Platforms.Build.0 = Release|Win32
		{127CBC0D-A66D-4854-A319-612023715C18}.Release|Pocket PC 2003 (ARMV4).ActiveCfg = Release|Win32
		{127CBC0D-A66D-4854-A319-612023715C18}.Release|Win32.ActiveCfg = Release|Win32
		{127CBC0D-A66D-4854-A319-612023715C18}.Release|Win32.Build.0 = Release|Win32
		{127CBC0D-A66D-4854-A319-612023715C18}.Release|x64.ActiveCfg = Release|Win32
		{127CBC0D-A66D-4854-A319-612023715C18}.Release|x86.ActiveCfg = Release|Win32
		{A60623F1-5018-433E-AD99-02ADDE4023ED}.Argon Engine|Any CPU.ActiveCfg = Argon Engine|x86
		{A60623F1-5018-433E-AD99-02ADDE4023ED}.Argon Engine|Mixed Platforms.ActiveCfg = Argon Engine|x86
		{A60623F1-5018-433E-AD99-02ADDE4023ED}.Argon Engine|Mixed Platforms.Build.0 = Argon Engine|x86
		{A60623F1-5018-433E-AD99-02ADDE4023ED}.Argon Engine|Pocket PC 2003 (ARMV4).ActiveCfg = Argon Engine|x86
		{A60623F1-5018-433E-AD99-02ADDE4023ED}.Argon Engine|Win32.ActiveCfg = Argon Engine|x86
		{A60623F1-5018-433E-AD99-02ADDE4023ED}.Argon Engine|x64.ActiveCfg = Argon Engine|x86
		{A60623F1-5018-433E-AD99-02ADDE4023ED}.Argon Engine|x86.ActiveCfg = Argon Engine|x86
		{A60623F1-5018-433E-AD99-02ADDE4023ED}.Debug Dynamic Lib|Any CPU.ActiveCfg = Debug|x86
		{A60623F1-5018-433E-AD99-02ADDE4023ED}.Debug Dynamic Lib|Mixed Platforms.ActiveCfg = Debug|x86
		{A60623F1-5018-433E-AD99-02ADDE4023ED}.Debug Dynamic Lib|Mixed Platforms.Build.0 = Debug|x86
		{A60623F1-5018-433E-AD99-02ADDE4023ED}.Debug Dynamic Lib|Pocket PC 2003 (ARMV4).ActiveCfg = Debug|x86
		{A60623F1-5018-433E-AD99-02ADDE4023ED}.Debug Dynamic Lib|Win32.ActiveCfg = Debug|x86
		{A60623F1-5018-433E-AD99-02ADDE4023ED}.Debug Dynamic Lib|x64.ActiveCfg = Debug|x86
		{A60623F1-5018-433E-AD99-02ADDE4023ED}.Debug Dynamic Lib|x86.ActiveCfg = Debug|x86
		{A60623F1-5018-433E-AD99-02ADDE4023ED}.Debug Dynamic Lib|x86.Build.0 = Debug|x86
		{A60623F1-5018-433E-AD99-02ADDE4023ED}.Debug Static Lib|Any CPU.ActiveCfg = Debug|x86
		{A60623F1-5018-433E-AD99-02ADDE4023ED}.Debug Static Lib|Mixed Platforms.ActiveCfg = Debug|x86
		{A60623F1-5018-433E-AD99-02ADDE4023ED}.Debug Static Lib|Mixed Platforms.Build.0 = Debug|x86
		{A60623F1-5018-433E-AD99-02ADDE4023ED}.Debug Static Lib|Pocket PC 2003 (ARMV4).ActiveCfg = Debug|x86
		{A60623F1-5018-433E-AD99-02ADDE4023ED}.Debug Static Lib|Win32.ActiveCfg = Debug|x86
		{A60623F1-5018-433E-AD99-02ADDE4023ED}.Debug Static Lib|x64.ActiveCfg = Debug|x86
		{A60623F1-5018-433E-AD99-02ADDE4023ED}.Debug Static Lib|x86.ActiveCfg = Debug|x86
		{A60623F1-5018-433E-AD99-02ADDE4023ED}.Debug Static Lib|x86.Build.0 = Debug|x86
		{A60623F1-5018-433E-AD99-02ADDE4023ED}.Debug|Any CPU.ActiveCfg = Debug|x86
		{A60623F1-5018-433E-AD99-02ADDE4023ED}.Debug|Mixed Platforms.ActiveCfg = Debug|x86
		{A60623F1-5018-433E-AD99-02ADDE4023ED}.Debug|Mixed Platforms.Build.0 = Debug|x86
		{A60623F1-5018-433E-AD99-02ADDE4023ED}.Debug|Pocket PC 2003 (ARMV4).ActiveCfg = Debug|x86
		{A60623F1-5018-433E-AD99-02ADDE4023ED}.Debug|Win32.ActiveCfg = Debug|x86
		{A60623F1-5018-433E-AD99-02ADDE4023ED}.Debug|x64.ActiveCfg = Debug|x86
		{A60623F1-5018-433E-AD99-02ADDE4023ED}.Debug|x86.ActiveCfg = Debug|x86
		{A60623F1-5018-433E-AD99-02ADDE4023ED}.Debug|x86.Build.0 = Debug|x86
		{A60623F1-5018-433E-AD99-02ADDE4023ED}.Release|Any CPU.ActiveCfg = Argon Engine|x86
		{A60623F1-5018-433E-AD99-02ADDE4023ED}.Release|Mixed Platforms.ActiveCfg = Argon Engine|x86
		{A60623F1-5018-433E-AD99-02ADDE4023ED}.Release|Mixed Platforms.Build.0 = Argon Engine|x86
		{A60623F1-5018-433E-AD99-02ADDE4023ED}.Release|Pocket PC 2003 (ARMV4).ActiveCfg = Argon Engine|x86
		{A60623F1-5018-433E-AD99-02ADDE4023ED}.Release|Win32.ActiveCfg = Argon Engine|x86
		{A60623F1-5018-433E-AD99-02ADDE4023ED}.Release|x64.ActiveCfg = Argon Engine|x86
		{A60623F1-5018-433E-AD99-02ADDE4023ED}.Release|x86.ActiveCfg = Argon Engine|x86
		{A60623F1-5018-433E-AD99-02ADDE4023ED}.Release|x86.Build.0 = Argon Engine|x86
		{546A4E0B-7C5E-4FA3-9A10-6DA24CE38EBF}.Argon Engine|Any CPU.ActiveCfg = Argon Engine|Win32
		{546A4E0B-7C5E-4FA3-9A10-6DA24CE38EBF}.Argon Engine|Mixed Platforms.ActiveCfg = Argon Engine|Win32
		{546A4E0B-7C5E-4FA3-9A10-6DA24CE38EBF}.Argon Engine|Mixed Platforms.Build.0 = Argon Engine|Win32
		{546A4E0B-7C5E-4FA3-9A10-6DA24CE38EBF}.Argon Engine|Pocket PC 2003 (ARMV4).ActiveCfg = Argon Engine|Win32
		{546A4E0B-7C5E-4FA3-9A10-6DA24CE38EBF}.Argon Engine|Win32.ActiveCfg = Argon Engine|Win32
		{546A4E0B-7C5E-4FA3-9A10-6DA24CE38EBF}.Argon Engine|Win32.Build.0 = Argon Engine|Win32
		{546A4E0B-7C5E-4FA3-9A10-6DA24CE38EBF}.Argon Engine|x64.ActiveCfg = Argon Engine|Win32
		{546A4E0B-7C5E-4FA3-9A10-6DA24CE38EBF}.Argon Engine|x86.ActiveCfg = Argon Engine|Win32
		{546A4E0B-7C5E-4FA3-9A10-6DA24CE38EBF}.Argon Engine|x86.Build.0 = Argon Engine|Win32
		{546A4E0B-7C5E-4FA3-9A10-6DA24CE38EBF}.Debug Dynamic Lib|Any CPU.ActiveCfg = Debug|Win32
		{546A4E0B-7C5E-4FA3-9A10-6DA24CE38EBF}.Debug Dynamic Lib|Mixed Platforms.ActiveCfg = Debug|Win32
		{546A4E0B-7C5E-4FA3-9A10-6DA24CE38EBF}.Debug Dynamic Lib|Mixed Platforms.Build.0 = Debug|Win32
		{546A4E0B-7C5E-4FA3-9A10-6DA24CE38EBF}.Debug Dynamic Lib|Pocket PC 2003 (ARMV4).ActiveCfg = Debug|Win32
		{546A4E0B-7C5E-4FA3-9A10-6DA24CE38EBF}.Debug Dynamic Lib|Win32.ActiveCfg = Debug|Win32
		{546A4E0B-7C5E-4FA3-9A10-6DA24CE38EBF}.Debug Dynamic Lib|Win32.Build.0 = Debug|Win32
		{546A4E0B-7C5E-4FA3-9A10-6DA24CE38EBF}.Debug Dynamic Lib|x64.ActiveCfg = Debug|Win32
		{546A4E0B-7C5E-4FA3-9A10-6DA24CE38EBF}.Debug Dynamic Lib|x86.ActiveCfg = Static Library|Win32
		{546A4E0B-7C5E-4FA3-9A10-6DA24CE38EBF}.Debug Dynamic Lib|x86.Build.0 = Static Library|Win32
		{546A4E0B-7C5E-4FA3-9A10-6DA24CE38EBF}.Debug Static Lib|Any CPU.ActiveCfg = Debug|Win32
		{546A4E0B-7C5E-4FA3-9A10-6DA24CE38EBF}.Debug Static Lib|Mixed Platforms.ActiveCfg = Debug|Win32
		{546A4E0B-7C5E-4FA3-9A10-6DA24CE38EBF}.Debug Static Lib|Mixed Platforms.Build.0 = Debug|Win32
		{546A4E0B-7C5E-4FA3-9A10-6DA24CE38EBF}.Debug Static Lib|Pocket PC 2003 (ARMV4).ActiveCfg = Debug|Win32
		{546A4E0B-7C5E-4FA3-9A10-6DA24CE38EBF}.Debug Static Lib|Win32.ActiveCfg = Debug|Win32
		{546A4E0B-7C5E-4FA3-9A10-6DA24CE38EBF}.Debug Static Lib|Win32.Build.0 = Debug|Win32
		{546A4E0B-7C5E-4FA3-9A10-6DA24CE38EBF}.Debug Static Lib|x64.ActiveCfg = Debug|Win32
		{546A4E0B-7C5E-4FA3-9A10-6DA24CE38EBF}.Debug Static Lib|x86.ActiveCfg = Static Library|Win32
		{546A4E0B-7C5E-4FA3-9A10-6DA24CE38EBF}.Debug Static Lib|x86.Build.0 = Static Library|Win32
		{546A4E0B-7C5E-4FA3-9A10-6DA24CE38EBF}.Debug|Any CPU.ActiveCfg = Debug|Win32
		{546A4E0B-7C5E-4FA3-9A10-6DA24CE38EBF}.Debug|Mixed Platforms.ActiveCfg = Debug|Win32
		{546A4E0B-7C5E-4FA3-9A10-6DA24CE38EBF}.Debug|Mixed Platforms.Build.0 = Debug|Win32
		{546A4E0B-7C5E-4FA3-9A10-6DA24CE38EBF}.Debug|Pocket PC 2003 (ARMV4).ActiveCfg = Debug|Win32
		{546A4E0B-7C5E-4FA3-9A10-6DA24CE38EBF}.Debug|Win32.ActiveCfg = Debug|Win32
		{546A4E0B-7C5E-4FA3-9A10-6DA24CE38EBF}.Debug|Win32.Build.0 = Debug|Win32
		{546A4E0B-7C5E-4FA3-9A10-6DA24CE38EBF}.Debug|x64.ActiveCfg = Debug|Win32
		{546A4E0B-7C5E-4FA3-9A10-6DA24CE38EBF}.Debug|x86.ActiveCfg = Debug|Win32
		{546A4E0B-7C5E-4FA3-9A10-6DA24CE38EBF}.Release|Any CPU.ActiveCfg = Release|Win32
		{546A4E0B-7C5E-4FA3-9A10-6DA24CE38EBF}.Release|Mixed Platforms.ActiveCfg = Release|Win32
		{546A4E0B-7C5E-4FA3-9A10-6DA24CE38EBF}.Release|Mixed Platforms.Build.0 = Release|Win32
		{546A4E0B-7C5E-4FA3-9A10-6DA24CE38EBF}.Release|Pocket PC 2003 (ARMV4).ActiveCfg = Release|Win32
		{546A4E0B-7C5E-4FA3-9A10-6DA24CE38EBF}.Release|Win32.ActiveCfg = Release|Win32
		{546A4E0B-7C5E-4FA3-9A10-6DA24CE38EBF}.Release|Win32.Build.0 = Release|Win32
		{546A4E0B-7C5E-4FA3-9A10-6DA24CE38EBF}.Release|x64.ActiveCfg = Release|Win32
		{546A4E0B-7C5E-4FA3-9A10-6DA24CE38EBF}.Release|x86.ActiveCfg = Release|Win32
		{DBA37458-BC6D-4273-9D6D-9489F8108726}.Argon Engine|Any CPU.ActiveCfg = Argon Engine|Pocket PC 2003 (ARMV4)
		{DBA37458-BC6D-4273-9D6D-9489F8108726}.Argon Engine|Mixed Platforms.ActiveCfg = Argon Engine|Pocket PC 2003 (ARMV4)
		{DBA37458-BC6D-4273-9D6D-9489F8108726}.Argon Engine|Mixed Platforms.Build.0 = Argon Engine|Pocket PC 2003 (ARMV4)
		{DBA37458-BC6D-4273-9D6D-9489F8108726}.Argon Engine|Mixed Platforms.Deploy.0 = Argon Engine|Pocket PC 2003 (ARMV4)
		{DBA37458-BC6D-4273-9D6D-9489F8108726}.Argon Engine|Pocket PC 2003 (ARMV4).ActiveCfg = Argon Engine|Pocket PC 2003 (ARMV4)
		{DBA37458-BC6D-4273-9D6D-9489F8108726}.Argon Engine|Pocket PC 2003 (ARMV4).Build.0 = Argon Engine|Pocket PC 2003 (ARMV4)
		{DBA37458-BC6D-4273-9D6D-9489F8108726}.Argon Engine|Pocket PC 2003 (ARMV4).Deploy.0 = Argon Engine|Pocket PC 2003 (ARMV4)
		{DBA37458-BC6D-4273-9D6D-9489F8108726}.Argon Engine|Win32.ActiveCfg = Argon Engine|Pocket PC 2003 (ARMV4)
		{DBA37458-BC6D-4273-9D6D-9489F8108726}.Argon Engine|x64.ActiveCfg = Argon Engine|Pocket PC 2003 (ARMV4)
		{DBA37458-BC6D-4273-9D6D-9489F8108726}.Argon Engine|x86.ActiveCfg = Argon Engine|Pocket PC 2003 (ARMV4)
		{DBA37458-BC6D-4273-9D6D-9489F8108726}.Debug Dynamic Lib|Any CPU.ActiveCfg = Debug Dynamic Lib|Pocket PC 2003 (ARMV4)
		{DBA37458-BC6D-4273-9D6D-9489F8108726}.Debug Dynamic Lib|Mixed Platforms.ActiveCfg = Debug Dynamic Lib|Pocket PC 2003 (ARMV4)
		{DBA37458-BC6D-4273-9D6D-9489F8108726}.Debug Dynamic Lib|Mixed Platforms.Build.0 = Debug Dynamic Lib|Pocket PC 2003 (ARMV4)
		{DBA37458-BC6D-4273-9D6D-9489F8108726}.Debug Dynamic Lib|Mixed Platforms.Deploy.0 = Debug Dynamic Lib|Pocket PC 2003 (ARMV4)
		{DBA37458-BC6D-4273-9D6D-9489F8108726}.Debug Dynamic Lib|Pocket PC 2003 (ARMV4).ActiveCfg = Debug Dynamic Lib|Pocket PC 2003 (ARMV4)
		{DBA37458-BC6D-4273-9D6D-9489F8108726}.Debug Dynamic Lib|Pocket PC 2003 (ARMV4).Build.0 = Debug Dynamic Lib|Pocket PC 2003 (ARMV4)
		{DBA37458-BC6D-4273-9D6D-9489F8108726}.Debug Dynamic Lib|Pocket PC 2003 (ARMV4).Deploy.0 = Debug Dynamic Lib|Pocket PC 2003 (ARMV4)
		{DBA37458-BC6D-4273-9D6D-9489F8108726}.Debug Dynamic Lib|Win32.ActiveCfg = Debug Dynamic Lib|Win32
		{DBA37458-BC6D-4273-9D6D-9489F8108726}.Debug Dynamic Lib|Win32.Build.0 = Debug Dynamic Lib|Win32
		{DBA37458-BC6D-4273-9D6D-9489F8108726}.Debug Dynamic Lib|x64.ActiveCfg = Debug Dynamic Lib|Pocket PC 2003 (ARMV4)
		{DBA37458-BC6D-4273-9D6D-9489F8108726}.Debug Dynamic Lib|x86.ActiveCfg = Debug Dynamic Lib|Win32
		{DBA37458-BC6D-4273-9D6D-9489F8108726}.Debug Dynamic Lib|x86.Build.0 = Debug Dynamic Lib|Win32
		{DBA37458-BC6D-4273-9D6D-9489F8108726}.Debug Static Lib|Any CPU.ActiveCfg = Debug Static Lib|Pocket PC 2003 (ARMV4)
		{DBA37458-BC6D-4273-9D6D-9489F8108726}.Debug Static Lib|Mixed Platforms.ActiveCfg = Debug Static Lib|Pocket PC 2003 (ARMV4)
		{DBA37458-BC6D-4273-9D6D-9489F8108726}.Debug Static Lib|Mixed Platforms.Build.0 = Debug Static Lib|Pocket PC 2003 (ARMV4)
		{DBA37458-BC6D-4273-9D6D-9489F8108726}.Debug Static Lib|Mixed Platforms.Deploy.0 = Debug Static Lib|Pocket PC 2003 (ARMV4)
		{DBA37458-BC6D-4273-9D6D-9489F8108726}.Debug Static Lib|Pocket PC 2003 (ARMV4).ActiveCfg = Debug Static Lib|Pocket PC 2003 (ARMV4)
		{DBA37458-BC6D-4273-9D6D-9489F8108726}.Debug Static Lib|Pocket PC 2003 (ARMV4).Build.0 = Debug Static Lib|Pocket PC 2003 (ARMV4)
		{DBA37458-BC6D-4273-9D6D-9489F8108726}.Debug Static Lib|Pocket PC 2003 (ARMV4).Deploy.0 = Debug Static Lib|Pocket PC 2003 (ARMV4)
		{DBA37458-BC6D-4273-9D6D-9489F8108726}.Debug Static Lib|Win32.ActiveCfg = Debug Static Lib|Win32
		{DBA37458-BC6D-4273-9D6D-9489F8108726}.Debug Static Lib|Win32.Build.0 = Debug Static Lib|Win32
		{DBA37458-BC6D-4273-9D6D-9489F8108726}.Debug Static Lib|x64.ActiveCfg = Debug Static Lib|Pocket PC 2003 (ARMV4)
		{DBA37458-BC6D-4273-9D6D-9489F8108726}.Debug Static Lib|x86.ActiveCfg = Debug Static Lib|Win32
		{DBA37458-BC6D-4273-9D6D-9489F8108726}.Debug Static Lib|x86.Build.0 = Debug Static Lib|Win32
		{DBA37458-BC6D-4273-9D6D-9489F8108726}.Debug|Any CPU.ActiveCfg = Debug|Pocket PC 2003 (ARMV4)
		{DBA37458-BC6D-4273-9D6D-9489F8108726}.Debug|Mixed Platforms.ActiveCfg = Debug|Pocket PC 2003 (ARMV4)
		{DBA37458-BC6D-4273-9D6D-9489F8108726}.Debug|Mixed Platforms.Build.0 = Debug|Pocket PC 2003 (ARMV4)
		{DBA37458-BC6D-4273-9D6D-9489F8108726}.Debug|Mixed Platforms.Deploy.0 = Debug|Pocket PC 2003 (ARMV4)
		{DBA37458-BC6D-4273-9D6D-9489F8108726}.Debug|Pocket PC 2003 (ARMV4).ActiveCfg = Debug|Pocket PC 2003 (ARMV4)
		{DBA37458-BC6D-4273-9D6D-9489F8108726}.Debug|Pocket PC 2003 (ARMV4).Build.0 = Debug|Pocket PC 2003 (ARMV4)
		{DBA37458-BC6D-4273-9D6D-9489F8108726}.Debug|Pocket PC 2003 (ARMV4).Deploy.0 = Debug|Pocket PC 2003 (ARMV4)
		{DBA37458-BC6D-4273-9D6D-9489F8108726}.Debug|Win32.ActiveCfg = Debug|Win32
		{DBA37458-BC6D-4273-9D6D-9489F8108726}.Debug|Win32.Build.0 = Debug|Win32
		{DBA37458-BC6D-4273-9D6D-9489F8108726}.Debug|x64.ActiveCfg = Debug|Pocket PC 2003 (ARMV4)
		{DBA37458-BC6D-4273-9D6D-9489F8108726}.Debug|x86.ActiveCfg = Debug|Pocket PC 2003 (ARMV4)
		{DBA37458-BC6D-4273-9D6D-9489F8108726}.Release|Any CPU.ActiveCfg = Release|Pocket PC 2003 (ARMV4)
		{DBA37458-BC6D-4273-9D6D-9489F8108726}.Release|Mixed Platforms.ActiveCfg = Release|Pocket PC 2003 (ARMV4)
		{DBA37458-BC6D-4273-9D6D-9489F8108726}.Release|Mixed Platforms.Build.0 = Release|Pocket PC 2003 (ARMV4)
		{DBA37458-BC6D-4273-9D6D-9489F8108726}.Release|Mixed Platforms.Deploy.0 = Release|Pocket PC 2003 (ARMV4)
		{DBA37458-BC6D-4273-9D6D-9489F8108726}.Release|Pocket PC 2003 (ARMV4).ActiveCfg = Release|Pocket PC 2003 (ARMV4)
		{DBA37458-BC6D-4273-9D6D-9489F8108726}.Release|Pocket PC 2003 (ARMV4).Build.0 = Release|Pocket PC 2003 (ARMV4)
		{DBA37458-BC6D-4273-9D6D-9489F8108726}.Release|Pocket PC 2003 (ARMV4).Deploy.0 = Release|Pocket PC 2003 (ARMV4)
		{DBA37458-BC6D-4273-9D6D-9489F8108726}.Release|Win32.ActiveCfg = Release|Win32
		{DBA37458-BC6D-4273-9D6D-9489F8108726}.Release|Win32.Build.0 = Release|Win32
		{DBA37458-BC6D-4273-9D6D-9489F8108726}.Release|x64.ActiveCfg = Release|Pocket PC 2003 (ARMV4)
		{DBA37458-BC6D-4273-9D6D-9489F8108726}.Release|x86.ActiveCfg = Release|Pocket PC 2003 (ARMV4)
		{221C49A9-6529-444B-8D20-FD1C70C15CBA}.Argon Engine|Any CPU.ActiveCfg = Argon Engine|Win32
		{221C49A9-6529-444B-8D20-FD1C70C15CBA}.Argon Engine|Mixed Platforms.ActiveCfg = Argon Engine|Win32
		{221C49A9-6529-444B-8D20-FD1C70C15CBA}.Argon Engine|Mixed Platforms.Build.0 = Argon Engine|Win32
		{221C49A9-6529-444B-8D20-FD1C70C15CBA}.Argon Engine|Pocket PC 2003 (ARMV4).ActiveCfg = Argon Engine|Win32
		{221C49A9-6529-444B-8D20-FD1C70C15CBA}.Argon Engine|Win32.ActiveCfg = Argon Engine|Win32
		{221C49A9-6529-444B-8D20-FD1C70C15CBA}.Argon Engine|Win32.Build.0 = Argon Engine|Win32
		{221C49A9-6529-444B-8D20-FD1C70C15CBA}.Argon Engine|x64.ActiveCfg = Argon Engine|Win32
		{221C49A9-6529-444B-8D20-FD1C70C15CBA}.Argon Engine|x86.ActiveCfg = Argon Engine|Win32
		{221C49A9-6529-444B-8D20-FD1C70C15CBA}.Argon Engine|x86.Build.0 = Argon Engine|Win32
		{221C49A9-6529-444B-8D20-FD1C70C15CBA}.Debug Dynamic Lib|Any CPU.ActiveCfg = Debug|Win32
		{221C49A9-6529-444B-8D20-FD1C70C15CBA}.Debug Dynamic Lib|Mixed Platforms.ActiveCfg = Debug|Win32
		{221C49A9-6529-444B-8D20-FD1C70C15CBA}.Debug Dynamic Lib|Mixed Platforms.Build.0 = Debug|Win32
		{221C49A9-6529-444B-8D20-FD1C70C15CBA}.Debug Dynamic Lib|Pocket PC 2003 (ARMV4).ActiveCfg = Debug|Win32
		{221C49A9-6529-444B-8D20-FD1C70C15CBA}.Debug Dynamic Lib|Win32.ActiveCfg = Debug|Win32
		{221C49A9-6529-444B-8D20-FD1C70C15CBA}.Debug Dynamic Lib|Win32.Build.0 = Debug|Win32
		{221C49A9-6529-444B-8D20-FD1C70C15CBA}.Debug Dynamic Lib|x64.ActiveCfg = Debug|Win32
		{221C49A9-6529-444B-8D20-FD1C70C15CBA}.Debug Dynamic Lib|x86.ActiveCfg = Argon Engine|Win32
		{221C49A9-6529-444B-8D20-FD1C70C15CBA}.Debug Dynamic Lib|x86.Build.0 = Argon Engine|Win32
		{221C49A9-6529-444B-8D20-FD1C70C15CBA}.Debug Static Lib|Any CPU.ActiveCfg = Debug|Win32
		{221C49A9-6529-444B-8D20-FD1C70C15CBA}.Debug Static Lib|Mixed Platforms.ActiveCfg = Debug|Win32
		{221C49A9-6529-444B-8D20-FD1C70C15CBA}.Debug Static Lib|Mixed Platforms.Build.0 = Debug|Win32
		{221C49A9-6529-444B-8D20-FD1C70C15CBA}.Debug Static Lib|Pocket PC 2003 (ARMV4).ActiveCfg = Debug|Win32
		{221C49A9-6529-444B-8D20-FD1C70C15CBA}.Debug Static Lib|Win32.ActiveCfg = Debug|Win32
		{221C49A9-6529-444B-8D20-FD1C70C15CBA}.Debug Static Lib|Win32.Build.0 = Debug|Win32
		{221C49A9-6529-444B-8D20-FD1C70C15CBA}.Debug Static Lib|x64.ActiveCfg = Debug|Win32
		{221C49A9-6529-444B-8D20-FD1C70C15CBA}.Debug Static Lib|x86.ActiveCfg = Argon Engine|Win32
		{221C49A9-6529-444B-8D20-FD1C70C15CBA}.Debug Static Lib|x86.Build.0 = Argon Engine|Win32
		{221C49A9-6529-444B-8D20-FD1C70C15CBA}.Debug|Any CPU.ActiveCfg = Debug|Win32
		{221C49A9-6529-444B-8D20-FD1C70C15CBA}.Debug|Mixed Platforms.ActiveCfg = Debug|Win32
		{221C49A9-6529-444B-8D20-FD1C70C15CBA}.Debug|Mixed Platforms.Build.0 = Debug|Win32
		{221C49A9-6529-444B-8D20-FD1C70C15CBA}.Debug|Pocket PC 2003 (ARMV4).ActiveCfg = Debug|Win32
		{221C49A9-6529-444B-8D20-FD1C70C15CBA}.Debug|Win32.ActiveCfg = Debug|Win32
		{221C49A9-6529-444B-8D20-FD1C70C15CBA}.Debug|Win32.Build.0 = Debug|Win32
		{221C49A9-6529-444B-8D20-FD1C70C15CBA}.Debug|x64.ActiveCfg = Debug|Win32
		{221C49A9-6529-444B-8D20-FD1C70C15CBA}.Debug|x86.ActiveCfg = Debug|Win32
		{221C49A9-6529-444B-8D20-FD1C70C15CBA}.Release|Any CPU.ActiveCfg = MT Static|Win32
		{221C49A9-6529-444B-8D20-FD1C70C15CBA}.Release|Mixed Platforms.ActiveCfg = MT Static|Win32
		{221C49A9-6529-444B-8D20-FD1C70C15CBA}.Release|Mixed Platforms.Build.0 = MT Static|Win32
		{221C49A9-6529-444B-8D20-FD1C70C15CBA}.Release|Pocket PC 2003 (ARMV4).ActiveCfg = MT Static|Win32
		{221C49A9-6529-444B-8D20-FD1C70C15CBA}.Release|Win32.ActiveCfg = MT Static|Win32
		{221C49A9-6529-444B-8D20-FD1C70C15CBA}.Release|Win32.Build.0 = MT Static|Win32
		{221C49A9-6529-444B-8D20-FD1C70C15CBA}.Release|x64.ActiveCfg = MT Static|Win32
		{221C49A9-6529-444B-8D20-FD1C70C15CBA}.Release|x86.ActiveCfg = MT Static|Win32
		{E6626E67-C1DA-4A08-ABDC-BA8EA2E6F2E0}.Argon Engine|Any CPU.ActiveCfg = Debug Dynamic Lib|Win32
		{E6626E67-C1DA-4A08-ABDC-BA8EA2E6F2E0}.Argon Engine|Mixed Platforms.ActiveCfg = Debug Dynamic Lib|Win32
		{E6626E67-C1DA-4A08-ABDC-BA8EA2E6F2E0}.Argon Engine|Mixed Platforms.Build.0 = Debug Dynamic Lib|Win32
		{E6626E67-C1DA-4A08-ABDC-BA8EA2E6F2E0}.Argon Engine|Pocket PC 2003 (ARMV4).ActiveCfg = Debug Dynamic Lib|Win32
		{E6626E67-C1DA-4A08-ABDC-BA8EA2E6F2E0}.Argon Engine|Win32.ActiveCfg = Debug Dynamic Lib|Win32
		{E6626E67-C1DA-4A08-ABDC-BA8EA2E6F2E0}.Argon Engine|Win32.Build.0 = Debug Dynamic Lib|Win32
		{E6626E67-C1DA-4A08-ABDC-BA8EA2E6F2E0}.Argon Engine|x64.ActiveCfg = Debug Dynamic Lib|Win32
		{E6626E67-C1DA-4A08-ABDC-BA8EA2E6F2E0}.Argon Engine|x86.ActiveCfg = Debug Dynamic Lib|Win32
		{E6626E67-C1DA-4A08-ABDC-BA8EA2E6F2E0}.Argon Engine|x86.Build.0 = Debug Dynamic Lib|Win32
		{E6626E67-C1DA-4A08-ABDC-BA8EA2E6F2E0}.Debug Dynamic Lib|Any CPU.ActiveCfg = Debug Dynamic Lib|Win32
		{E6626E67-C1DA-4A08-ABDC-BA8EA2E6F2E0}.Debug Dynamic Lib|Mixed Platforms.ActiveCfg = Debug Dynamic Lib|Win32
		{E6626E67-C1DA-4A08-ABDC-BA8EA2E6F2E0}.Debug Dynamic Lib|Mixed Platforms.Build.0 = Debug Dynamic Lib|Win32
		{E6626E67-C1DA-4A08-ABDC-BA8EA2E6F2E0}.Debug Dynamic Lib|Pocket PC 2003 (ARMV4).ActiveCfg = Debug Dynamic Lib|Win32
		{E6626E67-C1DA-4A08-ABDC-BA8EA2E6F2E0}.Debug Dynamic Lib|Win32.ActiveCfg = Debug Dynamic Lib|Win32
		{E6626E67-C1DA-4A08-ABDC-BA8EA2E6F2E0}.Debug Dynamic Lib|Win32.Build.0 = Debug Dynamic Lib|Win32
		{E6626E67-C1DA-4A08-ABDC-BA8EA2E6F2E0}.Debug Dynamic Lib|x64.ActiveCfg = Debug Dynamic Lib|Win32
		{E6626E67-C1DA-4A08-ABDC-BA8EA2E6F2E0}.Debug Dynamic Lib|x86.ActiveCfg = Debug Dynamic Lib|Win32
		{E6626E67-C1DA-4A08-ABDC-BA8EA2E6F2E0}.Debug Dynamic Lib|x86.Build.0 = Debug Dynamic Lib|Win32
		{E6626E67-C1DA-4A08-ABDC-BA8EA2E6F2E0}.Debug Static Lib|Any CPU.ActiveCfg = Debug Dynamic Lib|Win32
		{E6626E67-C1DA-4A08-ABDC-BA8EA2E6F2E0}.Debug Static Lib|Mixed Platforms.ActiveCfg = Debug Dynamic Lib|Win32
		{E6626E67-C1DA-4A08-ABDC-BA8EA2E6F2E0}.Debug Static Lib|Mixed Platforms.Build.0 = Debug Dynamic Lib|Win32
		{E6626E67-C1DA-4A08-ABDC-BA8EA2E6F2E0}.Debug Static Lib|Pocket PC 2003 (ARMV4).ActiveCfg = Debug Dynamic Lib|Win32
		{E6626E67-C1DA-4A08-ABDC-BA8EA2E6F2E0}.Debug Static Lib|Win32.ActiveCfg = Debug Dynamic Lib|Win32
		{E6626E67-C1DA-4A08-ABDC-BA8EA2E6F2E0}.Debug Static Lib|Win32.Build.0 = Debug Dynamic Lib|Win32
		{E6626E67-C1DA-4A08-ABDC-BA8EA2E6F2E0}.Debug Static Lib|x64.ActiveCfg = Debug Dynamic Lib|Win32
		{E6626E67-C1DA-4A08-ABDC-BA8EA2E6F2E0}.Debug Static Lib|x86.ActiveCfg = Debug Dynamic Lib|Win32
		{E6626E67-C1DA-4A08-ABDC-BA8EA2E6F2E0}.Debug Static Lib|x86.Build.0 = Debug Dynamic Lib|Win32
		{E6626E67-C1DA-4A08-ABDC-BA8EA2E6F2E0}.Debug|Any CPU.ActiveCfg = Debug Dynamic Lib|Win32
		{E6626E67-C1DA-4A08-ABDC-BA8EA2E6F2E0}.Debug|Mixed Platforms.ActiveCfg = Debug Dynamic Lib|Win32
		{E6626E67-C1DA-4A08-ABDC-BA8EA2E6F2E0}.Debug|Mixed Platforms.Build.0 = Debug Dynamic Lib|Win32
		{E6626E67-C1DA-4A08-ABDC-BA8EA2E6F2E0}.Debug|Pocket PC 2003 (ARMV4).ActiveCfg = Debug Dynamic Lib|Win32
		{E6626E67-C1DA-4A08-ABDC-BA8EA2E6F2E0}.Debug|Win32.ActiveCfg = Debug Dynamic Lib|Win32
		{E6626E67-C1DA-4A08-ABDC-BA8EA2E6F2E0}.Debug|Win32.Build.0 = Debug Dynamic Lib|Win32
		{E6626E67-C1DA-4A08-ABDC-BA8EA2E6F2E0}.Debug|x64.ActiveCfg = Debug Dynamic Lib|Win32
		{E6626E67-C1DA-4A08-ABDC-BA8EA2E6F2E0}.Debug|x86.ActiveCfg = Debug Dynamic Lib|Win32
		{E6626E67-C1DA-4A08-ABDC-BA8EA2E6F2E0}.Release|Any CPU.ActiveCfg = Debug Dynamic Lib|Win32
		{E6626E67-C1DA-4A08-ABDC-BA8EA2E6F2E0}.Release|Mixed Platforms.ActiveCfg = Debug Dynamic Lib|Win32
		{E6626E67-C1DA-4A08-ABDC-BA8EA2E6F2E0}.Release|Mixed Platforms.Build.0 = Debug Dynamic Lib|Win32
		{E6626E67-C1DA-4A08-ABDC-BA8EA2E6F2E0}.Release|Pocket PC 2003 (ARMV4).ActiveCfg = Debug Dynamic Lib|Win32
		{E6626E67-C1DA-4A08-ABDC-BA8EA2E6F2E0}.Release|Win32.ActiveCfg = Debug Dynamic Lib|Win32
		{E6626E67-C1DA-4A08-ABDC-BA8EA2E6F2E0}.Release|Win32.Build.0 = Debug Dynamic Lib|Win32
		{E6626E67-C1DA-4A08-ABDC-BA8EA2E6F2E0}.Release|x64.ActiveCfg = Debug Dynamic Lib|Win32
		{E6626E67-C1DA-4A08-ABDC-BA8EA2E6F2E0}.Release|x86.ActiveCfg = Debug Dynamic Lib|Win32
		{AEEA4BA0-EEB1-4DED-805D-91497CEEB1C2}.Argon Engine|Any CPU.ActiveCfg = Release|Win32
		{AEEA4BA0-EEB1-4DED-805D-91497CEEB1C2}.Argon Engine|Mixed Platforms.ActiveCfg = Release|Win32
		{AEEA4BA0-EEB1-4DED-805D-91497CEEB1C2}.Argon Engine|Mixed Platforms.Build.0 = Release|Win32
		{AEEA4BA0-EEB1-4DED-805D-91497CEEB1C2}.Argon Engine|Pocket PC 2003 (ARMV4).ActiveCfg = Release|Win32
		{AEEA4BA0-EEB1-4DED-805D-91497CEEB1C2}.Argon Engine|Win32.ActiveCfg = Release|Win32
		{AEEA4BA0-EEB1-4DED-805D-91497CEEB1C2}.Argon Engine|Win32.Build.0 = Release|Win32
		{AEEA4BA0-EEB1-4DED-805D-91497CEEB1C2}.Argon Engine|x64.ActiveCfg = Release|Win32
		{AEEA4BA0-EEB1-4DED-805D-91497CEEB1C2}.Argon Engine|x86.ActiveCfg = Release|Win32
		{AEEA4BA0-EEB1-4DED-805D-91497CEEB1C2}.Debug Dynamic Lib|Any CPU.ActiveCfg = Debug|Win32
		{AEEA4BA0-EEB1-4DED-805D-91497CEEB1C2}.Debug Dynamic Lib|Mixed Platforms.ActiveCfg = Debug|Win32
		{AEEA4BA0-EEB1-4DED-805D-91497CEEB1C2}.Debug Dynamic Lib|Mixed Platforms.Build.0 = Debug|Win32
		{AEEA4BA0-EEB1-4DED-805D-91497CEEB1C2}.Debug Dynamic Lib|Pocket PC 2003 (ARMV4).ActiveCfg = Debug|Win32
		{AEEA4BA0-EEB1-4DED-805D-91497CEEB1C2}.Debug Dynamic Lib|Win32.ActiveCfg = Debug|Win32
		{AEEA4BA0-EEB1-4DED-805D-91497CEEB1C2}.Debug Dynamic Lib|Win32.Build.0 = Debug|Win32
		{AEEA4BA0-EEB1-4DED-805D-91497CEEB1C2}.Debug Dynamic Lib|x64.ActiveCfg = Debug|Win32
		{AEEA4BA0-EEB1-4DED-805D-91497CEEB1C2}.Debug Dynamic Lib|x86.ActiveCfg = Debug|Win32
		{AEEA4BA0-EEB1-4DED-805D-91497CEEB1C2}.Debug Static Lib|Any CPU.ActiveCfg = Debug|Win32
		{AEEA4BA0-EEB1-4DED-805D-91497CEEB1C2}.Debug Static Lib|Mixed Platforms.ActiveCfg = Debug|Win32
		{AEEA4BA0-EEB1-4DED-805D-91497CEEB1C2}.Debug Static Lib|Mixed Platforms.Build.0 = Debug|Win32
		{AEEA4BA0-EEB1-4DED-805D-91497CEEB1C2}.Debug Static Lib|Pocket PC 2003 (ARMV4).ActiveCfg = Debug|Win32
		{AEEA4BA0-EEB1-4DED-805D-91497CEEB1C2}.Debug Static Lib|Win32.ActiveCfg = Debug|Win32
		{AEEA4BA0-EEB1-4DED-805D-91497CEEB1C2}.Debug Static Lib|Win32.Build.0 = Debug|Win32
		{AEEA4BA0-EEB1-4DED-805D-91497CEEB1C2}.Debug Static Lib|x64.ActiveCfg = Debug|Win32
		{AEEA4BA0-EEB1-4DED-805D-91497CEEB1C2}.Debug Static Lib|x86.ActiveCfg = Debug|Win32
		{AEEA4BA0-EEB1-4DED-805D-91497CEEB1C2}.Debug|Any CPU.ActiveCfg = Debug|Win32
		{AEEA4BA0-EEB1-4DED-805D-91497CEEB1C2}.Debug|Mixed Platforms.ActiveCfg = Debug|Win32
		{AEEA4BA0-EEB1-4DED-805D-91497CEEB1C2}.Debug|Mixed Platforms.Build.0 = Debug|Win32
		{AEEA4BA0-EEB1-4DED-805D-91497CEEB1C2}.Debug|Pocket PC 2003 (ARMV4).ActiveCfg = Debug|Win32
		{AEEA4BA0-EEB1-4DED-805D-91497CEEB1C2}.Debug|Win32.ActiveCfg = Debug|Win32
		{AEEA4BA0-EEB1-4DED-805D-91497CEEB1C2}.Debug|Win32.Build.0 = Debug|Win32
		{AEEA4BA0-EEB1-4DED-805D-91497CEEB1C2}.Debug|x64.ActiveCfg = Debug|Win32
		{AEEA4BA0-EEB1-4DED-805D-91497CEEB1C2}.Debug|x86.ActiveCfg = Debug|Win32
		{AEEA4BA0-EEB1-4DED-805D-91497CEEB1C2}.Release|Any CPU.ActiveCfg = Release|Win32
		{AEEA4BA0-EEB1-4DED-805D-91497CEEB1C2}.Release|Mixed Platforms.ActiveCfg = Release|Win32
		{AEEA4BA0-EEB1-4DED-805D-91497CEEB1C2}.Release|Mixed Platforms.Build.0 = Release|Win32
		{AEEA4BA0-EEB1-4DED-805D-91497CEEB1C2}.Release|Pocket PC 2003 (ARMV4).ActiveCfg = Release|Win32
		{AEEA4BA0-EEB1-4DED-805D-91497CEEB1C2}.Release|Win32.ActiveCfg = Release|Win32
		{AEEA4BA0-EEB1-4DED-805D-91497CEEB1C2}.Release|Win32.Build.0 = Release|Win32
		{AEEA4BA0-EEB1-4DED-805D-91497CEEB1C2}.Release|x64.ActiveCfg = Release|Win32
		{AEEA4BA0-EEB1-4DED-805D-91497CEEB1C2}.Release|x86.ActiveCfg = Release|Win32
	EndGlobalSection
	GlobalSection(SolutionProperties) = preSolution
		HideSolutionNode = FALSE
	EndGlobalSection
	GlobalSection(NestedProjects) = preSolution
		{F62301F8-87AE-4584-87B6-5165060E9782} = {2547C328-1EB7-4A4D-A136-6D31486667B7}
		{127CBC0D-A66D-4854-A319-612023715C18} = {2547C328-1EB7-4A4D-A136-6D31486667B7}
		{B674AB00-212F-4BA4-80F2-4F7093E84725} = {2547C328-1EB7-4A4D-A136-6D31486667B7}
		{DBA37458-BC6D-4273-9D6D-9489F8108726} = {2547C328-1EB7-4A4D-A136-6D31486667B7}
		{221C49A9-6529-444B-8D20-FD1C70C15CBA} = {2547C328-1EB7-4A4D-A136-6D31486667B7}
		{1EBEBEE0-7C9E-4AEE-8BEC-9784763E4147} = {F62301F8-87AE-4584-87B6-5165060E9782}
		{E6626E67-C1DA-4A08-ABDC-BA8EA2E6F2E0} = {F62301F8-87AE-4584-87B6-5165060E9782}
		{AEEA4BA0-EEB1-4DED-805D-91497CEEB1C2} = {F62301F8-87AE-4584-87B6-5165060E9782}
		{546A4E0B-7C5E-4FA3-9A10-6DA24CE38EBF} = {B674AB00-212F-4BA4-80F2-4F7093E84725}
	EndGlobalSection
EndGlobal
